{
  "name": "dashboard-library",
  "version": "0.0.1",
  "lockfileVersion": 1,
  "requires": true,
  "dependencies": {
    "@types/node": {
      "version": "12.12.7",
      "resolved": "https://registry.npmjs.org/@types/node/-/node-12.12.7.tgz",
      "integrity": "sha512-E6Zn0rffhgd130zbCbAr/JdXfXkoOUFAKNs/rF8qnafSJ8KYaA/j3oz7dcwal+lYjLA7xvdd5J4wdYpCTlP8+w==",
      "dev": true
    },
    "@types/uuid": {
      "version": "3.4.6",
      "resolved": "https://registry.npmjs.org/@types/uuid/-/uuid-3.4.6.tgz",
      "integrity": "sha512-cCdlC/1kGEZdEglzOieLDYBxHsvEOIg7kp/2FYyVR9Pxakq+Qf/inL3RKQ+PA8gOlI/NnL+fXmQH12nwcGzsHw==",
      "dev": true,
      "requires": {
        "@types/node": "*"
      }
    },
    "angular-gridster2": {
      "version": "8.4.2",
      "resolved": "https://registry.npmjs.org/angular-gridster2/-/angular-gridster2-8.4.2.tgz",
      "integrity": "sha512-SLrbqO/Wr85/9L+IF2SsfcZkcss/8znccJtMLoIwZIwVkgpRDbJ9RmmYzaaWGS+ljLv713yrH+F/yYLoXU1omw==",
      "requires": {
        "tslib": "^1.9.0"
      }
    },
    "hammerjs": {
      "version": "2.0.8",
      "resolved": "https://registry.npmjs.org/hammerjs/-/hammerjs-2.0.8.tgz",
      "integrity": "sha512-tSQXBXS/MWQOn/RKckawJ61vvsDpCom87JgxiYdGwHdOa0ht0vzUWDlfioofFCRU0L+6NGDt6XzbgoJvZkMeRQ=="
    },
    "highcharts": {
      "version": "7.2.2",
      "resolved": "https://registry.npmjs.org/highcharts/-/highcharts-7.2.2.tgz",
      "integrity": "sha512-jRKujQuPKHLgGQd2sByBI9K5m56CInm2augVZnBYqdmyoU88hcI62uuAXHvxC3FW8YY0FJ74A1uw6sxrcmcmvg=="
    },
    "highcharts-angular": {
      "version": "2.10.0",
      "resolved": "https://registry.npmjs.org/highcharts-angular/-/highcharts-angular-2.10.0.tgz",
      "integrity": "sha512-ICeLKeN6bgFqgBKmHE6p/c15IvWIeUqhDzB0PG8oAoZLpKKRjxGddFu6g2iVy9v952eDvywFcEXqRPO9PPRvag==",
      "requires": {
        "tslib": "^2.0.0"
      },
      "dependencies": {
        "tslib": {
          "version": "2.6.3",
          "resolved": "https://registry.npmjs.org/tslib/-/tslib-2.6.3.tgz",
          "integrity": "sha512-xNvxJEOUiWPGhUuUdQgAJPKOOJfGnIyKySOc09XkKsgdUV/3E2zvwZYdejjmRgPCgcym1juLH3226yA7sEFJKQ=="
        }
      }
    },
    "tslib": {
      "version": "1.14.1",
      "resolved": "https://registry.npmjs.org/tslib/-/tslib-1.14.1.tgz",
      "integrity": "sha512-Xni35NKzjgMrwevysHTCArtLDpPvye8zV/0E4EyYn43P7/7qvQwPh9BGkHewbMulVntbigmcT7rdX3BNo9wRJg=="
    },
    "uuid": {
      "version": "3.4.0",
      "resolved": "https://registry.npmjs.org/uuid/-/uuid-3.4.0.tgz",
      "integrity": "sha512-HjSDRw6gZE5JMggctHBcjVak08+KEVhSIiDzFnT9S9aegmp85S/bReBVTb4QTFaRNptJ9kuYaNhnbNEOkbKb/A=="
    }
  }
}
